
Microsoft Visual Studio Solution File, Format Version 12.00
# Visual Studio Version 17
VisualStudioVersion = 17.0.31903.59
MinimumVisualStudioVersion = 10.0.40219.1
Project("{FAE04EC0-301F-11D3-BF4B-00C04F79EFBC}") = "SportsStore", "SportsStore\SportsStore.csproj", "{80636628-AA02-46B8-A111-BC43BE2CB686}"
EndProject
Project("{FAE04EC0-301F-11D3-BF4B-00C04F79EFBC}") = "SportsStore.Tests", "SportsStore.Tests\SportsStore.Tests.csproj", "{165BECDE-823A-4138-B7B0-C4EBF958726C}"
EndProject
Global
	GlobalSection(SolutionConfigurationPlatforms) = preSolution
		Debug|Any CPU = Debug|Any CPU
		Release|Any CPU = Release|Any CPU
	EndGlobalSection
	GlobalSection(SolutionProperties) = preSolution
		HideSolutionNode = FALSE
	EndGlobalSection
	GlobalSection(ProjectConfigurationPlatforms) = postSolution
		{80636628-AA02-46B8-A111-BC43BE2CB686}.Debug|Any CPU.ActiveCfg = Debug|Any CPU
		{80636628-AA02-46B8-A111-BC43BE2CB686}.Debug|Any CPU.Build.0 = Debug|Any CPU
		{80636628-AA02-46B8-A111-BC43BE2CB686}.Release|Any CPU.ActiveCfg = Release|Any CPU
		{80636628-AA02-46B8-A111-BC43BE2CB686}.Release|Any CPU.Build.0 = Release|Any CPU
		{165BECDE-823A-4138-B7B0-C4EBF958726C}.Debug|Any CPU.ActiveCfg = Debug|Any CPU
		{165BECDE-823A-4138-B7B0-C4EBF958726C}.Debug|Any CPU.Build.0 = Debug|Any CPU
		{165BECDE-823A-4138-B7B0-C4EBF958726C}.Release|Any CPU.ActiveCfg = Release|Any CPU
		{165BECDE-823A-4138-B7B0-C4EBF958726C}.Release|Any CPU.Build.0 = Release|Any CPU
	EndGlobalSection
EndGlobal
